
Microsoft Visual Studio Solution File, Format Version 12.00
# Visual Studio Version 17
VisualStudioVersion = 17.10.35013.160
MinimumVisualStudioVersion = 10.0.40219.1
Project("{FAE04EC0-301F-11D3-BF4B-00C04F79EFBC}") = "AgendarConsultas", "unitTest\AgendarConsultas.csproj", "{B7F3EE28-110E-4A12-8757-8CAD79FBA6B3}"
EndProject
Project("{FAE04EC0-301F-11D3-BF4B-00C04F79EFBC}") = "AgendaVeterinatio.Test", "AgendaVeterinatio.Test\AgendaVeterinatio.Test.csproj", "{7FED82A9-9425-4CD3-8993-2431B73D64F9}"
EndProject
Global
	GlobalSection(SolutionConfigurationPlatforms) = preSolution
		Debug|Any CPU = Debug|Any CPU
		Release|Any CPU = Release|Any CPU
	EndGlobalSection
	GlobalSection(ProjectConfigurationPlatforms) = postSolution
		{B7F3EE28-110E-4A12-8757-8CAD79FBA6B3}.Debug|Any CPU.ActiveCfg = Debug|Any CPU
		{B7F3EE28-110E-4A12-8757-8CAD79FBA6B3}.Debug|Any CPU.Build.0 = Debug|Any CPU
		{B7F3EE28-110E-4A12-8757-8CAD79FBA6B3}.Release|Any CPU.ActiveCfg = Release|Any CPU
		{B7F3EE28-110E-4A12-8757-8CAD79FBA6B3}.Release|Any CPU.Build.0 = Release|Any CPU
		{7FED82A9-9425-4CD3-8993-2431B73D64F9}.Debug|Any CPU.ActiveCfg = Debug|Any CPU
		{7FED82A9-9425-4CD3-8993-2431B73D64F9}.Debug|Any CPU.Build.0 = Debug|Any CPU
		{7FED82A9-9425-4CD3-8993-2431B73D64F9}.Release|Any CPU.ActiveCfg = Release|Any CPU
		{7FED82A9-9425-4CD3-8993-2431B73D64F9}.Release|Any CPU.Build.0 = Release|Any CPU
	EndGlobalSection
	GlobalSection(SolutionProperties) = preSolution
		HideSolutionNode = FALSE
	EndGlobalSection
	GlobalSection(ExtensibilityGlobals) = postSolution
		SolutionGuid = {B42C4A67-3C5C-4E6A-B254-F630DC517DAB}
	EndGlobalSection
EndGlobal
